
Microsoft Visual Studio Solution File, Format Version 12.00
# Visual Studio Version 17
VisualStudioVersion = 17.0.31903.59
MinimumVisualStudioVersion = 10.0.40219.1
Project("{FAE04EC0-301F-11D3-BF4B-00C04F79EFBC}") = "TsukiAI.Core", "TsukiAI.Core\TsukiAI.Core.csproj", "{A1B2C3D4-0001-0001-0001-000000000001}"
EndProject
Project("{FAE04EC0-301F-11D3-BF4B-00C04F79EFBC}") = "TsukiAI.VoiceChat", "TsukiAI.VoiceChat\TsukiAI.VoiceChat.csproj", "{A1B2C3D4-0002-0002-0002-000000000002}"
EndProject
Project("{FAE04EC0-301F-11D3-BF4B-00C04F79EFBC}") = "TsukiAI.Core.Tests", "TsukiAI.Core.Tests\TsukiAI.Core.Tests.csproj", "{69D370DC-EFF9-43AB-8704-E45714A7104B}"
EndProject
Project("{FAE04EC0-301F-11D3-BF4B-00C04F79EFBC}") = "TsukiAI.VoiceChat.Tests", "TsukiAI.VoiceChat.Tests\TsukiAI.VoiceChat.Tests.csproj", "{5B2335F5-3BCC-4075-81F2-0D1950CD5CEE}"
EndProject
Global
	GlobalSection(SolutionConfigurationPlatforms) = preSolution
		Debug|Any CPU = Debug|Any CPU
		Debug|x64 = Debug|x64
		Debug|x86 = Debug|x86
		Release|Any CPU = Release|Any CPU
		Release|x64 = Release|x64
		Release|x86 = Release|x86
	EndGlobalSection
	GlobalSection(ProjectConfigurationPlatforms) = postSolution
		{A1B2C3D4-0001-0001-0001-000000000001}.Debug|Any CPU.ActiveCfg = Debug|Any CPU
		{A1B2C3D4-0001-0001-0001-000000000001}.Debug|Any CPU.Build.0 = Debug|Any CPU
		{A1B2C3D4-0001-0001-0001-000000000001}.Debug|x64.ActiveCfg = Debug|Any CPU
		{A1B2C3D4-0001-0001-0001-000000000001}.Debug|x64.Build.0 = Debug|Any CPU
		{A1B2C3D4-0001-0001-0001-000000000001}.Debug|x86.ActiveCfg = Debug|Any CPU
		{A1B2C3D4-0001-0001-0001-000000000001}.Debug|x86.Build.0 = Debug|Any CPU
		{A1B2C3D4-0001-0001-0001-000000000001}.Release|Any CPU.ActiveCfg = Release|Any CPU
		{A1B2C3D4-0001-0001-0001-000000000001}.Release|Any CPU.Build.0 = Release|Any CPU
		{A1B2C3D4-0001-0001-0001-000000000001}.Release|x64.ActiveCfg = Release|Any CPU
		{A1B2C3D4-0001-0001-0001-000000000001}.Release|x64.Build.0 = Release|Any CPU
		{A1B2C3D4-0001-0001-0001-000000000001}.Release|x86.ActiveCfg = Release|Any CPU
		{A1B2C3D4-0001-0001-0001-000000000001}.Release|x86.Build.0 = Release|Any CPU
		{A1B2C3D4-0002-0002-0002-000000000002}.Debug|Any CPU.ActiveCfg = Debug|Any CPU
		{A1B2C3D4-0002-0002-0002-000000000002}.Debug|Any CPU.Build.0 = Debug|Any CPU
		{A1B2C3D4-0002-0002-0002-000000000002}.Debug|x64.ActiveCfg = Debug|Any CPU
		{A1B2C3D4-0002-0002-0002-000000000002}.Debug|x64.Build.0 = Debug|Any CPU
		{A1B2C3D4-0002-0002-0002-000000000002}.Debug|x86.ActiveCfg = Debug|Any CPU
		{A1B2C3D4-0002-0002-0002-000000000002}.Debug|x86.Build.0 = Debug|Any CPU
		{A1B2C3D4-0002-0002-0002-000000000002}.Release|Any CPU.ActiveCfg = Release|Any CPU
		{A1B2C3D4-0002-0002-0002-000000000002}.Release|Any CPU.Build.0 = Release|Any CPU
		{A1B2C3D4-0002-0002-0002-000000000002}.Release|x64.ActiveCfg = Release|Any CPU
		{A1B2C3D4-0002-0002-0002-000000000002}.Release|x64.Build.0 = Release|Any CPU
		{A1B2C3D4-0002-0002-0002-000000000002}.Release|x86.ActiveCfg = Release|Any CPU
		{A1B2C3D4-0002-0002-0002-000000000002}.Release|x86.Build.0 = Release|Any CPU
		{69D370DC-EFF9-43AB-8704-E45714A7104B}.Debug|Any CPU.ActiveCfg = Debug|Any CPU
		{69D370DC-EFF9-43AB-8704-E45714A7104B}.Debug|Any CPU.Build.0 = Debug|Any CPU
		{69D370DC-EFF9-43AB-8704-E45714A7104B}.Debug|x64.ActiveCfg = Debug|Any CPU
		{69D370DC-EFF9-43AB-8704-E45714A7104B}.Debug|x64.Build.0 = Debug|Any CPU
		{69D370DC-EFF9-43AB-8704-E45714A7104B}.Debug|x86.ActiveCfg = Debug|Any CPU
		{69D370DC-EFF9-43AB-8704-E45714A7104B}.Debug|x86.Build.0 = Debug|Any CPU
		{69D370DC-EFF9-43AB-8704-E45714A7104B}.Release|Any CPU.ActiveCfg = Release|Any CPU
		{69D370DC-EFF9-43AB-8704-E45714A7104B}.Release|Any CPU.Build.0 = Release|Any CPU
		{69D370DC-EFF9-43AB-8704-E45714A7104B}.Release|x64.ActiveCfg = Release|Any CPU
		{69D370DC-EFF9-43AB-8704-E45714A7104B}.Release|x64.Build.0 = Release|Any CPU
		{69D370DC-EFF9-43AB-8704-E45714A7104B}.Release|x86.ActiveCfg = Release|Any CPU
		{69D370DC-EFF9-43AB-8704-E45714A7104B}.Release|x86.Build.0 = Release|Any CPU
		{5B2335F5-3BCC-4075-81F2-0D1950CD5CEE}.Debug|Any CPU.ActiveCfg = Debug|Any CPU
		{5B2335F5-3BCC-4075-81F2-0D1950CD5CEE}.Debug|Any CPU.Build.0 = Debug|Any CPU
		{5B2335F5-3BCC-4075-81F2-0D1950CD5CEE}.Debug|x64.ActiveCfg = Debug|Any CPU
		{5B2335F5-3BCC-4075-81F2-0D1950CD5CEE}.Debug|x64.Build.0 = Debug|Any CPU
		{5B2335F5-3BCC-4075-81F2-0D1950CD5CEE}.Debug|x86.ActiveCfg = Debug|Any CPU
		{5B2335F5-3BCC-4075-81F2-0D1950CD5CEE}.Debug|x86.Build.0 = Debug|Any CPU
		{5B2335F5-3BCC-4075-81F2-0D1950CD5CEE}.Release|Any CPU.ActiveCfg = Release|Any CPU
		{5B2335F5-3BCC-4075-81F2-0D1950CD5CEE}.Release|Any CPU.Build.0 = Release|Any CPU
		{5B2335F5-3BCC-4075-81F2-0D1950CD5CEE}.Release|x64.ActiveCfg = Release|Any CPU
		{5B2335F5-3BCC-4075-81F2-0D1950CD5CEE}.Release|x64.Build.0 = Release|Any CPU
		{5B2335F5-3BCC-4075-81F2-0D1950CD5CEE}.Release|x86.ActiveCfg = Release|Any CPU
		{5B2335F5-3BCC-4075-81F2-0D1950CD5CEE}.Release|x86.Build.0 = Release|Any CPU
	EndGlobalSection
	GlobalSection(SolutionProperties) = preSolution
		HideSolutionNode = FALSE
	EndGlobalSection
EndGlobal
